<?xml version="1.0" encoding="utf-8"?>
<Project ToolsVersion="4.0" xmlns="http://schemas.microsoft.com/developer/msbuild/2003">
  <ItemGroup>
    <Filter Include="ソース ファイル">
      <UniqueIdentifier>{4FC737F1-C7A5-4376-A066-2A32D752A2FF}</UniqueIdentifier>
      <Extensions>cpp;c;cc;cxx;c++;cppm;ixx;def;odl;idl;hpj;bat;asm;asmx</Extensions>
    </Filter>
    <Filter Include="ヘッダー ファイル">
      <UniqueIdentifier>{93995380-89BD-4b04-88EB-625FBE52EBFB}</UniqueIdentifier>
      <Extensions>h;hh;hpp;hxx;h++;hm;inl;inc;ipp;xsd</Extensions>
    </Filter>
    <Filter Include="リソース ファイル">
      <UniqueIdentifier>{67DA6AB6-F800-4c08-8B7A-83BB121AAD01}</UniqueIdentifier>
      <Extensions>rc;ico;cur;bmp;dlg;rc2;rct;bin;rgs;gif;jpg;jpeg;jpe;resx;tiff;tif;png;wav;mfcribbon-ms</Extensions>
    </Filter>
    <Filter Include="ヘッダー ファイル\ksys_prototype">
      <UniqueIdentifier>{7ebf4226-7423-4059-943d-cf2a6905dbfc}</UniqueIdentifier>
    </Filter>
    <Filter Include="ヘッダー ファイル\ksys_prototype\MathUnit">
      <UniqueIdentifier>{d0cbdeeb-4dc0-44cd-869d-b96d9cbbece3}</UniqueIdentifier>
    </Filter>
    <Filter Include="imgui">
      <UniqueIdentifier>{85249e34-772f-4a17-bbe3-6cc714dc2f91}</UniqueIdentifier>
    </Filter>
  </ItemGroup>
  <ItemGroup>
    <ClCompile Include="main.cpp">
      <Filter>ヘッダー ファイル</Filter>
    </ClCompile>
    <ClCompile Include="kEngine\core\driver\DircetXBase.cpp">
      <Filter>ヘッダー ファイル\ksys_prototype</Filter>
    </ClCompile>
    <ClCompile Include="kEngine\Shader\shader_compile.cpp">
      <Filter>ヘッダー ファイル\ksys_prototype</Filter>
    </ClCompile>
    <ClCompile Include="kEngine\core\pso\PSO.cpp">
      <Filter>ヘッダー ファイル\ksys_prototype</Filter>
    </ClCompile>
    <ClCompile Include="kEngine\core\driver\DircetXCommen.cpp">
      <Filter>ヘッダー ファイル\ksys_prototype</Filter>
    </ClCompile>
    <ClCompile Include="kEngine\kEngine.cpp">
      <Filter>ヘッダー ファイル\ksys_prototype</Filter>
    </ClCompile>
    <ClCompile Include="kEngine\drawEngine\drawEngine.cpp">
      <Filter>ヘッダー ファイル\ksys_prototype</Filter>
    </ClCompile>
    <ClCompile Include="kEngine\drawEngine\ResourceManager\VertexResource.cpp">
      <Filter>ヘッダー ファイル\ksys_prototype</Filter>
    </ClCompile>
    <ClCompile Include="kEngine\tool\mathsUnit\Vector2.cpp">
      <Filter>ヘッダー ファイル\ksys_prototype\MathUnit</Filter>
    </ClCompile>
    <ClCompile Include="kEngine\tool\mathsUnit\Vector3.cpp">
      <Filter>ヘッダー ファイル\ksys_prototype\MathUnit</Filter>
    </ClCompile>
    <ClCompile Include="kEngine\tool\mathsUnit\Matrix3x3.cpp">
      <Filter>ヘッダー ファイル\ksys_prototype\MathUnit</Filter>
    </ClCompile>
    <ClCompile Include="kEngine\tool\mathsUnit\Matrix4x4.cpp">
      <Filter>ヘッダー ファイル\ksys_prototype\MathUnit</Filter>
    </ClCompile>
    <ClCompile Include="ConvertString.cpp">
      <Filter>ヘッダー ファイル\ksys_prototype</Filter>
    </ClCompile>
    <ClCompile Include="kEngine\tool\mathsUnit\Transform.cpp">
      <Filter>ヘッダー ファイル\ksys_prototype\MathUnit</Filter>
    </ClCompile>
    <ClCompile Include="externals\imgui\imgui.cpp">
      <Filter>imgui</Filter>
    </ClCompile>
    <ClCompile Include="externals\imgui\imgui_demo.cpp">
      <Filter>imgui</Filter>
    </ClCompile>
    <ClCompile Include="externals\imgui\imgui_draw.cpp">
      <Filter>imgui</Filter>
    </ClCompile>
    <ClCompile Include="externals\imgui\imgui_impl_dx12.cpp">
      <Filter>imgui</Filter>
    </ClCompile>
    <ClCompile Include="externals\imgui\imgui_impl_win32.cpp">
      <Filter>imgui</Filter>
    </ClCompile>
    <ClCompile Include="externals\imgui\imgui_tables.cpp">
      <Filter>imgui</Filter>
    </ClCompile>
    <ClCompile Include="externals\imgui\imgui_widgets.cpp">
      <Filter>imgui</Filter>
    </ClCompile>
    <ClCompile Include="kEngine\drawEngine\ResourceManager\VertexData.cpp">
      <Filter>ヘッダー ファイル\ksys_prototype\MathUnit</Filter>
    </ClCompile>
    <ClCompile Include="kEngine\tool\mathsUnit\TransformationMatrix.cpp">
      <Filter>ヘッダー ファイル\ksys_prototype</Filter>
    </ClCompile>
    <ClCompile Include="kEngine\material\Material.cpp">
      <Filter>ヘッダー ファイル\ksys_prototype</Filter>
    </ClCompile>
    <ClCompile Include="kEngine\Lighting\DirectionalLight.cpp">
      <Filter>ソース ファイル</Filter>
    </ClCompile>
    <ClCompile Include="kEngine\drawEngine\ResourceManager\ResourceManager.cpp">
      <Filter>ソース ファイル</Filter>
    </ClCompile>
    <ClCompile Include="kEngine\drawEngine\ResourceManager\BasicResource.cpp">
      <Filter>ソース ファイル</Filter>
    </ClCompile>
    <ClCompile Include="kEngine\tool\StageManager\SceneManager.cpp">
      <Filter>ソース ファイル</Filter>
    </ClCompile>
    <ClCompile Include="kEngine\tool\StageManager\Scene.cpp">
      <Filter>ソース ファイル</Filter>
    </ClCompile>
    <ClCompile Include="kEngine\tool\StageManager\SceneTester.cpp">
      <Filter>ソース ファイル</Filter>
    </ClCompile>
    <ClCompile Include="kEngine\tool\mathsUnit\randomMaker.cpp">
      <Filter>ソース ファイル</Filter>
    </ClCompile>
    <ClCompile Include="Effect\PerlinNoise.cpp">
      <Filter>ソース ファイル</Filter>
    </ClCompile>
    <ClCompile Include="kEngine\drawEngine\ResourceManager\ObjectResource\Sprite2D.cpp">
      <Filter>ソース ファイル</Filter>
    </ClCompile>
    <ClCompile Include="kEngine\core\driver\config.cpp">
      <Filter>ソース ファイル</Filter>
    </ClCompile>
    <ClCompile Include="kEngine\drawEngine\ResourceManager\ObjectResource\Triangle.cpp">
      <Filter>ソース ファイル</Filter>
    </ClCompile>
    <ClCompile Include="kEngine\drawEngine\ResourceManager\ObjectResource\Sphere.cpp">
      <Filter>ソース ファイル</Filter>
    </ClCompile>
    <ClCompile Include="kEngine\drawEngine\ResourceManager\ObjectResource\Cube.cpp">
      <Filter>ソース ファイル</Filter>
    </ClCompile>
    <ClCompile Include="kEngine\drawEngine\ResourceManager\ObjectResource\Model.cpp">
      <Filter>ソース ファイル</Filter>
    </ClCompile>
    <ClCompile Include="kEngine\core\Input\inputManager.cpp">
      <Filter>ソース ファイル</Filter>
    </ClCompile>
    <ClCompile Include="kEngine\Sound\soundUnit.cpp">
      <Filter>ソース ファイル</Filter>
    </ClCompile>
    <ClCompile Include="kEngine\Sound\soundManager.cpp">
      <Filter>ソース ファイル</Filter>
    </ClCompile>
    <ClCompile Include="kEngine\tool\DebugCamera\DebugCamera.cpp">
      <Filter>ソース ファイル</Filter>
    </ClCompile>
    <ClCompile Include="kEngine\Lighting\LightModelType.cpp">
      <Filter>ソース ファイル</Filter>
    </ClCompile>
    <ClCompile Include="kEngine\material\MaterialConfig.cpp">
      <Filter>ソース ファイル</Filter>
    </ClCompile>
    <ClCompile Include="kEngine\drawEngine\ResourceManager\ObjectResource\ModelGroup.cpp">
      <Filter>ソース ファイル</Filter>
    </ClCompile>
    <ClCompile Include="kEngine\tool\TimeManager\TimeManager.cpp">
      <Filter>ソース ファイル</Filter>
    </ClCompile>
    <ClCompile Include="New\Scene\scene1.cpp">
      <Filter>ソース ファイル</Filter>
    </ClCompile>
    <ClCompile Include="New\Actor\Actor.cpp">
      <Filter>ソース ファイル</Filter>
    </ClCompile>
    <ClCompile Include="New\Collision\Collision.cpp">
      <Filter>ソース ファイル</Filter>
    </ClCompile>
    <ClCompile Include="New\CSVLoader\CsvLoader.cpp">
      <Filter>ソース ファイル</Filter>
    </ClCompile>
    <ClCompile Include="New\FallingBlock\FallingBlock.cpp">
      <Filter>ソース ファイル</Filter>
    </ClCompile>
    <ClCompile Include="New\Map\Map.cpp">
      <Filter>ソース ファイル</Filter>
    </ClCompile>
    <ClCompile Include="New\Player\Player.cpp">
      <Filter>ソース ファイル</Filter>
    </ClCompile>
    <ClCompile Include="New\ShadowArea\ShadowArea.cpp">
      <Filter>ソース ファイル</Filter>
    </ClCompile>
    <ClCompile Include="kEngine\tool\StageManager\Stage.cpp">
      <Filter>ソース ファイル</Filter>
    </ClCompile>
    <ClCompile Include="kEngine\drawEngine\DrawData\SpriteData.cpp">
      <Filter>ソース ファイル</Filter>
    </ClCompile>
    <ClCompile Include="kEngine\drawEngine\ResourceManager\ObjectResource\Particle.cpp">
      <Filter>ソース ファイル</Filter>
    </ClCompile>
    <ClCompile Include="kEngine\drawEngine\InstanceManager\InstanceManager.cpp">
      <Filter>ソース ファイル</Filter>
    </ClCompile>
    <ClCompile Include="kEngine\tool\mathsUnit\MathsIncluder.cpp">
      <Filter>ソース ファイル</Filter>
    </ClCompile>
    <ClCompile Include="kEngine\tool\StageManager\StageTestForGE.cpp">
      <Filter>ソース ファイル</Filter>
    </ClCompile>
  </ItemGroup>
  <ItemGroup>
    <ClInclude Include="kEngine\core\driver\DircetXBase.h">
      <Filter>ヘッダー ファイル\ksys_prototype</Filter>
    </ClInclude>
    <ClInclude Include="kEngine\Shader\shader_compile.h">
      <Filter>ヘッダー ファイル\ksys_prototype</Filter>
    </ClInclude>
    <ClInclude Include="kEngine\core\pso\PSO.h">
      <Filter>ヘッダー ファイル\ksys_prototype</Filter>
    </ClInclude>
    <ClInclude Include="kEngine\core\driver\DircetXCommen.h">
      <Filter>ヘッダー ファイル\ksys_prototype</Filter>
    </ClInclude>
    <ClInclude Include="kEngine\kEngine.h">
      <Filter>ヘッダー ファイル\ksys_prototype</Filter>
    </ClInclude>
    <ClInclude Include="kEngine\drawEngine\drawEngine.h">
      <Filter>ヘッダー ファイル\ksys_prototype</Filter>
    </ClInclude>
    <ClInclude Include="kEngine\drawEngine\ResourceManager\VertexResource.h">
      <Filter>ヘッダー ファイル\ksys_prototype</Filter>
    </ClInclude>
    <ClInclude Include="kEngine\tool\mathsUnit\Vector2.h">
      <Filter>ヘッダー ファイル\ksys_prototype\MathUnit</Filter>
    </ClInclude>
    <ClInclude Include="kEngine\tool\mathsUnit\Vector4.h">
      <Filter>ヘッダー ファイル\ksys_prototype\MathUnit</Filter>
    </ClInclude>
    <ClInclude Include="kEngine\tool\mathsUnit\Vector3.h">
      <Filter>ヘッダー ファイル\ksys_prototype\MathUnit</Filter>
    </ClInclude>
    <ClInclude Include="kEngine\tool\mathsUnit\Matrix3x3.h">
      <Filter>ヘッダー ファイル\ksys_prototype\MathUnit</Filter>
    </ClInclude>
    <ClInclude Include="ConvertString.h">
      <Filter>ヘッダー ファイル\ksys_prototype</Filter>
    </ClInclude>
    <ClInclude Include="kEngine\tool\mathsUnit\Matrix4x4.h">
      <Filter>ヘッダー ファイル\ksys_prototype\MathUnit</Filter>
    </ClInclude>
    <ClInclude Include="kEngine\tool\mathsUnit\Transform.h">
      <Filter>ヘッダー ファイル\ksys_prototype\MathUnit</Filter>
    </ClInclude>
    <ClInclude Include="externals\imgui\imconfig.h">
      <Filter>imgui</Filter>
    </ClInclude>
    <ClInclude Include="externals\imgui\imgui.h">
      <Filter>imgui</Filter>
    </ClInclude>
    <ClInclude Include="externals\imgui\imgui_impl_dx12.h">
      <Filter>imgui</Filter>
    </ClInclude>
    <ClInclude Include="externals\imgui\imgui_impl_win32.h">
      <Filter>imgui</Filter>
    </ClInclude>
    <ClInclude Include="externals\imgui\imgui_internal.h">
      <Filter>imgui</Filter>
    </ClInclude>
    <ClInclude Include="externals\imgui\imstb_rectpack.h">
      <Filter>imgui</Filter>
    </ClInclude>
    <ClInclude Include="externals\imgui\imstb_textedit.h">
      <Filter>imgui</Filter>
    </ClInclude>
    <ClInclude Include="externals\imgui\imstb_truetype.h">
      <Filter>imgui</Filter>
    </ClInclude>
    <ClInclude Include="kEngine\drawEngine\ResourceManager\VertexData.h">
      <Filter>ヘッダー ファイル\ksys_prototype\MathUnit</Filter>
    </ClInclude>
    <ClInclude Include="kEngine\material\Material.h">
      <Filter>ヘッダー ファイル</Filter>
    </ClInclude>
    <ClInclude Include="kEngine\tool\mathsUnit\TransformationMatrix.h">
      <Filter>ヘッダー ファイル</Filter>
    </ClInclude>
    <ClInclude Include="kEngine\Lighting\DirectionalLight.h">
      <Filter>ヘッダー ファイル</Filter>
    </ClInclude>
    <ClInclude Include="kEngine\drawEngine\ResourceManager\ResourceManager.h">
      <Filter>ヘッダー ファイル</Filter>
    </ClInclude>
    <ClInclude Include="kEngine\drawEngine\ResourceManager\BasicResource.h">
      <Filter>ヘッダー ファイル</Filter>
    </ClInclude>
    <ClInclude Include="kEngine\tool\StageManager\SceneManager.h">
      <Filter>ヘッダー ファイル</Filter>
    </ClInclude>
    <ClInclude Include="kEngine\tool\StageManager\Scene.h">
      <Filter>ヘッダー ファイル</Filter>
    </ClInclude>
    <ClInclude Include="kEngine\tool\StageManager\SceneTester.h">
      <Filter>ヘッダー ファイル</Filter>
    </ClInclude>
    <ClInclude Include="kEngine\tool\mathsUnit\randomMaker.h">
      <Filter>ヘッダー ファイル</Filter>
    </ClInclude>
    <ClInclude Include="Effect\PerlinNoise.h">
      <Filter>ヘッダー ファイル</Filter>
    </ClInclude>
    <ClInclude Include="kEngine\drawEngine\ResourceManager\ObjectResource\Sprite2D.h">
      <Filter>ヘッダー ファイル</Filter>
    </ClInclude>
    <ClInclude Include="kEngine\drawEngine\ResourceManager\ObjectResource\VertexIndex.h">
      <Filter>ヘッダー ファイル</Filter>
    </ClInclude>
    <ClInclude Include="kEngine\core\driver\config.h">
      <Filter>ヘッダー ファイル</Filter>
    </ClInclude>
    <ClInclude Include="kEngine\drawEngine\ResourceManager\ObjectResource\Triangle.h">
      <Filter>ヘッダー ファイル</Filter>
    </ClInclude>
    <ClInclude Include="kEngine\drawEngine\ResourceManager\ObjectResource\Sphere.h">
      <Filter>ヘッダー ファイル</Filter>
    </ClInclude>
    <ClInclude Include="kEngine\drawEngine\ResourceManager\ObjectResource\Cube.h">
      <Filter>ヘッダー ファイル</Filter>
    </ClInclude>
    <ClInclude Include="kEngine\drawEngine\ResourceManager\ObjectResource\Model.h">
      <Filter>ヘッダー ファイル</Filter>
    </ClInclude>
    <ClInclude Include="kEngine\core\Input\inputManager.h">
      <Filter>ヘッダー ファイル</Filter>
    </ClInclude>
    <ClInclude Include="kEngine\Sound\soundUnit.h">
      <Filter>ヘッダー ファイル</Filter>
    </ClInclude>
    <ClInclude Include="kEngine\Sound\soundManager.h">
      <Filter>ヘッダー ファイル</Filter>
    </ClInclude>
    <ClInclude Include="kEngine\tool\DebugCamera\DebugCamera.h">
      <Filter>ヘッダー ファイル</Filter>
    </ClInclude>
    <ClInclude Include="kEngine\Lighting\LightModelType.h">
      <Filter>ヘッダー ファイル</Filter>
    </ClInclude>
    <ClInclude Include="kEngine\material\MaterialConfig.h">
      <Filter>ヘッダー ファイル</Filter>
    </ClInclude>
    <ClInclude Include="kEngine\drawEngine\ResourceManager\ObjectResource\ModelGroup.h">
      <Filter>ヘッダー ファイル</Filter>
    </ClInclude>
    <ClInclude Include="kEngine\tool\TimeManager\TimeManager.h">
      <Filter>ヘッダー ファイル</Filter>
    </ClInclude>
    <ClInclude Include="New\Scene\scene1.h">
      <Filter>ヘッダー ファイル</Filter>
    </ClInclude>
    <ClInclude Include="New\Actor\Actor.h">
      <Filter>ヘッダー ファイル</Filter>
    </ClInclude>
    <ClInclude Include="New\Collision\Collision.h">
      <Filter>ヘッダー ファイル</Filter>
    </ClInclude>
    <ClInclude Include="New\CSVLoader\CsvLoader.h">
      <Filter>ヘッダー ファイル</Filter>
    </ClInclude>
    <ClInclude Include="New\FallingBlock\FallingBlock.h">
      <Filter>ヘッダー ファイル</Filter>
    </ClInclude>
    <ClInclude Include="New\Map\Map.h">
      <Filter>ヘッダー ファイル</Filter>
    </ClInclude>
    <ClInclude Include="New\Player\Player.h">
      <Filter>ヘッダー ファイル</Filter>
    </ClInclude>
    <ClInclude Include="New\ShadowArea\ShadowArea.h">
      <Filter>ヘッダー ファイル</Filter>
    </ClInclude>
    <ClInclude Include="New\Utility\Rect.h">
      <Filter>ヘッダー ファイル</Filter>
    </ClInclude>
    <ClInclude Include="New\Utility\ShadowDirection.h">
      <Filter>ヘッダー ファイル</Filter>
    </ClInclude>
    <ClInclude Include="New\Utility\Vector2Int.h">
      <Filter>ヘッダー ファイル</Filter>
    </ClInclude>
    <ClInclude Include="kEngine\tool\StageManager\Stage.h">
      <Filter>ヘッダー ファイル</Filter>
    </ClInclude>
    <ClInclude Include="kEngine\drawEngine\DrawData\SpriteData.h">
      <Filter>ヘッダー ファイル</Filter>
    </ClInclude>
    <ClInclude Include="kEngine\drawEngine\ResourceManager\ObjectResource\Particle.h">
      <Filter>ヘッダー ファイル</Filter>
    </ClInclude>
    <ClInclude Include="kEngine\drawEngine\InstanceManager\InstanceManager.h">
      <Filter>ヘッダー ファイル</Filter>
    </ClInclude>
    <ClInclude Include="kEngine\tool\mathsUnit\MathsIncluder.h">
      <Filter>ヘッダー ファイル</Filter>
    </ClInclude>
    <ClInclude Include="kEngine\tool\StageManager\StageTestForGE.h">
      <Filter>ヘッダー ファイル</Filter>
    </ClInclude>
  </ItemGroup>
  <ItemGroup>
    <FxCompile Include="kEngine\Shader\Object3d.PS.hlsl">
      <Filter>ヘッダー ファイル\ksys_prototype</Filter>
    </FxCompile>
    <FxCompile Include="kEngine\Shader\Object3d.VS.hlsl">
      <Filter>ヘッダー ファイル\ksys_prototype</Filter>
    </FxCompile>
    <FxCompile Include="kEngine\Shader\LightingLambert\Lambert.hlsl" />
    <FxCompile Include="kEngine\Shader\LightingLambert\HalfLambert.hlsl" />
  </ItemGroup>
  <ItemGroup>
    <Text Include="externals\imgui\LICENSE.txt">
      <Filter>imgui</Filter>
    </Text>
  </ItemGroup>
  <ItemGroup>
    <None Include="kEngine\Shader\Object3d.hlsli">
      <Filter>ヘッダー ファイル\ksys_prototype</Filter>
    </None>
    <None Include="packages.config" />
    <None Include="resources\map\map.csv" />
    <None Include="resources\map\map1.csv" />
    <None Include="resources\map\map2.csv" />
    <None Include="resources\map\map3.csv" />
  </ItemGroup>
</Project>